
Microsoft Visual Studio Solution File, Format Version 12.00
# Visual Studio 15
VisualStudioVersion = 15.0.26124.0
MinimumVisualStudioVersion = 15.0.26124.0
Project("{F2A71F9B-5D33-465A-A702-920D77279786}") = "KaizengardAPI", "src\KaizengardAPI\KaizengardAPI.fsproj", "{25CE3BEB-E8E8-4249-B8E6-0DBFC8FA68B1}"
EndProject
Global
	GlobalSection(SolutionConfigurationPlatforms) = preSolution
		Debug|Any CPU = Debug|Any CPU
		Debug|x64 = Debug|x64
		Debug|x86 = Debug|x86
		Release|Any CPU = Release|Any CPU
		Release|x64 = Release|x64
		Release|x86 = Release|x86
	EndGlobalSection
	GlobalSection(ProjectConfigurationPlatforms) = postSolution
		{25CE3BEB-E8E8-4249-B8E6-0DBFC8FA68B1}.Debug|Any CPU.ActiveCfg = Debug|Any CPU
		{25CE3BEB-E8E8-4249-B8E6-0DBFC8FA68B1}.Debug|Any CPU.Build.0 = Debug|Any CPU
		{25CE3BEB-E8E8-4249-B8E6-0DBFC8FA68B1}.Debug|x64.ActiveCfg = Debug|Any CPU
		{25CE3BEB-E8E8-4249-B8E6-0DBFC8FA68B1}.Debug|x64.Build.0 = Debug|Any CPU
		{25CE3BEB-E8E8-4249-B8E6-0DBFC8FA68B1}.Debug|x86.ActiveCfg = Debug|Any CPU
		{25CE3BEB-E8E8-4249-B8E6-0DBFC8FA68B1}.Debug|x86.Build.0 = Debug|Any CPU
		{25CE3BEB-E8E8-4249-B8E6-0DBFC8FA68B1}.Release|Any CPU.ActiveCfg = Release|Any CPU
		{25CE3BEB-E8E8-4249-B8E6-0DBFC8FA68B1}.Release|Any CPU.Build.0 = Release|Any CPU
		{25CE3BEB-E8E8-4249-B8E6-0DBFC8FA68B1}.Release|x64.ActiveCfg = Release|Any CPU
		{25CE3BEB-E8E8-4249-B8E6-0DBFC8FA68B1}.Release|x64.Build.0 = Release|Any CPU
		{25CE3BEB-E8E8-4249-B8E6-0DBFC8FA68B1}.Release|x86.ActiveCfg = Release|Any CPU
		{25CE3BEB-E8E8-4249-B8E6-0DBFC8FA68B1}.Release|x86.Build.0 = Release|Any CPU
	EndGlobalSection
	GlobalSection(SolutionProperties) = preSolution
		HideSolutionNode = FALSE
	EndGlobalSection
	GlobalSection(ExtensibilityGlobals) = postSolution
		SolutionGuid = {3EF7F577-710C-40AB-9D6A-F5789045E39F}
	EndGlobalSection
EndGlobal
